
Microsoft Visual Studio Solution File, Format Version 12.00
# Visual Studio Version 17
VisualStudioVersion = 17.14.36221.1
MinimumVisualStudioVersion = 10.0.40219.1
Project("{FAE04EC0-301F-11D3-BF4B-00C04F79EFBC}") = "Basic Calculator", "Calculator\Basic Calculator.csproj", "{75B6DA1B-6727-4490-A8B1-40DC2F1A1A91}"
EndProject
Project("{FAE04EC0-301F-11D3-BF4B-00C04F79EFBC}") = "Refactored Calculator", "RefactoredCalculator\Refactored Calculator.csproj", "{390DAB2F-58EB-4ED4-8226-7AEE0B8EBD76}"
EndProject
Global
	GlobalSection(SolutionConfigurationPlatforms) = preSolution
		Debug|Any CPU = Debug|Any CPU
		Release|Any CPU = Release|Any CPU
	EndGlobalSection
	GlobalSection(ProjectConfigurationPlatforms) = postSolution
		{75B6DA1B-6727-4490-A8B1-40DC2F1A1A91}.Debug|Any CPU.ActiveCfg = Debug|Any CPU
		{75B6DA1B-6727-4490-A8B1-40DC2F1A1A91}.Debug|Any CPU.Build.0 = Debug|Any CPU
		{75B6DA1B-6727-4490-A8B1-40DC2F1A1A91}.Release|Any CPU.ActiveCfg = Release|Any CPU
		{75B6DA1B-6727-4490-A8B1-40DC2F1A1A91}.Release|Any CPU.Build.0 = Release|Any CPU
		{390DAB2F-58EB-4ED4-8226-7AEE0B8EBD76}.Debug|Any CPU.ActiveCfg = Debug|Any CPU
		{390DAB2F-58EB-4ED4-8226-7AEE0B8EBD76}.Debug|Any CPU.Build.0 = Debug|Any CPU
		{390DAB2F-58EB-4ED4-8226-7AEE0B8EBD76}.Release|Any CPU.ActiveCfg = Release|Any CPU
		{390DAB2F-58EB-4ED4-8226-7AEE0B8EBD76}.Release|Any CPU.Build.0 = Release|Any CPU
	EndGlobalSection
	GlobalSection(SolutionProperties) = preSolution
		HideSolutionNode = FALSE
	EndGlobalSection
	GlobalSection(ExtensibilityGlobals) = postSolution
		SolutionGuid = {803E91A9-B559-4905-8FCC-F1257D4D23ED}
	EndGlobalSection
EndGlobal
